
Microsoft Visual Studio Solution File, Format Version 12.00
# Visual Studio 15
VisualStudioVersion = 15.0.27130.2024
MinimumVisualStudioVersion = 10.0.40219.1
Project("{9A19103F-16F7-4668-BE54-9A1E7A4F7556}") = "modal-desafio", "modal-desafio\modal-desafio.csproj", "{6C7435B3-32A1-4CFF-8A3F-4B1E95C69EA9}"
EndProject
Project("{FAE04EC0-301F-11D3-BF4B-00C04F79EFBC}") = "modal-desafio.tests", "modal-desafio.tests\modal-desafio.tests.csproj", "{3BE9C618-3BB2-488A-81AB-0B72565E2B8B}"
EndProject
Global
	GlobalSection(SolutionConfigurationPlatforms) = preSolution
		Debug|Any CPU = Debug|Any CPU
		Release|Any CPU = Release|Any CPU
	EndGlobalSection
	GlobalSection(ProjectConfigurationPlatforms) = postSolution
		{6C7435B3-32A1-4CFF-8A3F-4B1E95C69EA9}.Debug|Any CPU.ActiveCfg = Debug|Any CPU
		{6C7435B3-32A1-4CFF-8A3F-4B1E95C69EA9}.Debug|Any CPU.Build.0 = Debug|Any CPU
		{6C7435B3-32A1-4CFF-8A3F-4B1E95C69EA9}.Release|Any CPU.ActiveCfg = Release|Any CPU
		{6C7435B3-32A1-4CFF-8A3F-4B1E95C69EA9}.Release|Any CPU.Build.0 = Release|Any CPU
		{3BE9C618-3BB2-488A-81AB-0B72565E2B8B}.Debug|Any CPU.ActiveCfg = Debug|Any CPU
		{3BE9C618-3BB2-488A-81AB-0B72565E2B8B}.Debug|Any CPU.Build.0 = Debug|Any CPU
		{3BE9C618-3BB2-488A-81AB-0B72565E2B8B}.Release|Any CPU.ActiveCfg = Release|Any CPU
		{3BE9C618-3BB2-488A-81AB-0B72565E2B8B}.Release|Any CPU.Build.0 = Release|Any CPU
	EndGlobalSection
	GlobalSection(SolutionProperties) = preSolution
		HideSolutionNode = FALSE
	EndGlobalSection
	GlobalSection(ExtensibilityGlobals) = postSolution
		SolutionGuid = {E0EB876C-ADB4-4F45-A63F-146D3FAF6BF0}
	EndGlobalSection
EndGlobal
